<?xml version="1.0" encoding="utf-8"?>
<Project ToolsVersion="4.0" xmlns="http://schemas.microsoft.com/developer/msbuild/2003">
  <ItemGroup>
    <Filter Include="Assets">
      <UniqueIdentifier>c0140414-759a-4040-abcb-ed452f5c87b7</UniqueIdentifier>
      <Extensions>bmp;fbx;gif;jpg;jpeg;tga;tiff;tif;png</Extensions>
    </Filter>
    <Image Include="Assets\LockScreenLogo.scale-200.png">
      <Filter>Assets</Filter>
    </Image>
    <Image Include="Assets\SplashScreen.scale-200.png">
      <Filter>Assets</Filter>
    </Image>
    <Image Include="Assets\Square150x150Logo.scale-200.png">
      <Filter>Assets</Filter>
    </Image>
    <Image Include="Assets\Square44x44Logo.scale-200.png">
      <Filter>Assets</Filter>
    </Image>
    <Image Include="Assets\Square44x44Logo.targetsize-24_altform-unplated.png">
      <Filter>Assets</Filter>
    </Image>
    <Image Include="Assets\StoreLogo.png">
      <Filter>Assets</Filter>
    </Image>
    <Image Include="Assets\Wide310x150Logo.scale-200.png">
      <Filter>Assets</Filter>
    </Image>
    <Filter Include="Shaders">
      <UniqueIdentifier>{1f5b3db8-5fa5-4b8c-92a2-ca3bfe05cdca}</UniqueIdentifier>
    </Filter>
    <Filter Include="Source">
      <UniqueIdentifier>{5d881376-446a-4b56-a275-f402162c54a5}</UniqueIdentifier>
    </Filter>
    <Filter Include="Helpers">
      <UniqueIdentifier>{e022284a-f824-413e-b20f-b850f1022727}</UniqueIdentifier>
    </Filter>
  </ItemGroup>
  <ItemGroup>
    <ClCompile Include="Source\EventViz.cpp">
      <Filter>Source</Filter>
    </ClCompile>
    <ClCompile Include="Source\App.cpp">
      <Filter>Source</Filter>
    </ClCompile>
    <ClCompile Include="Source\sample_cube.cpp">
      <Filter>Source</Filter>
    </ClCompile>
    <ClCompile Include="Source\sample_dx12.cpp">
      <Filter>Source</Filter>
    </ClCompile>
    <ClCompile Include="Source\sample_game.cpp">
      <Filter>Source</Filter>
    </ClCompile>
    <ClCompile Include="Source\sample_math.cpp">
      <Filter>Source</Filter>
    </ClCompile>
    <ClCompile Include="Source\WindowsHelpers.cpp">
      <Filter>Helpers</Filter>
    </ClCompile>
    <ClCompile Include="Source\DX12Helpers.cpp">
      <Filter>Helpers</Filter>
    </ClCompile>
  </ItemGroup>
  <ItemGroup>
    <ClInclude Include="Source\timeline_multimap.hpp">
      <Filter>Source</Filter>
    </ClInclude>
    <ClInclude Include="Source\PresentQueueStats.hpp">
      <Filter>Source</Filter>
    </ClInclude>
    <ClInclude Include="Source\EventViz.hpp">
      <Filter>Source</Filter>
    </ClInclude>
    <ClInclude Include="Source\App.h">
      <Filter>Source</Filter>
    </ClInclude>
    <ClInclude Include="Source\sample_math.hpp">
      <Filter>Source</Filter>
    </ClInclude>
    <ClInclude Include="Source\sample_cube.hpp">
      <Filter>Source</Filter>
    </ClInclude>
    <ClInclude Include="Source\sample_game.hpp">
      <Filter>Source</Filter>
    </ClInclude>
    <ClInclude Include="Source\WindowsHelpers.hpp">
      <Filter>Helpers</Filter>
    </ClInclude>
    <ClInclude Include="Source\DX12Helpers.hpp">
      <Filter>Helpers</Filter>
    </ClInclude>
    <ClInclude Include="Source\d3dx12.h">
      <Filter>Helpers</Filter>
    </ClInclude>
  </ItemGroup>
  <ItemGroup>
    <AppxManifest Include="Package.appxmanifest" />
  </ItemGroup>
  <ItemGroup>
    <None Include="FlipModelUniversal_TemporaryKey.pfx" />
    <None Include="Package.StoreAssociation.xml" />
    <None Include="Source\sample_dx12.hpp">
      <Filter>Source</Filter>
    </None>
  </ItemGroup>
  <ItemGroup>
    <FxCompile Include="Source\pixel_shader.hlsl">
      <Filter>Shaders</Filter>
    </FxCompile>
    <FxCompile Include="Source\vertex_shader.hlsl">
      <Filter>Shaders</Filter>
    </FxCompile>
  </ItemGroup>
</Project>