<?xml version="1.0" encoding="utf-8"?>
<Project ToolsVersion="4.0" xmlns="http://schemas.microsoft.com/developer/msbuild/2003">
  <ItemGroup>
    <ClCompile Include="Source\EventViz.cpp">
      <Filter>Source</Filter>
    </ClCompile>
    <ClCompile Include="Source\sample_cube.cpp">
      <Filter>Source</Filter>
    </ClCompile>
    <ClCompile Include="Source\sample_dx12.cpp">
      <Filter>Source</Filter>
    </ClCompile>
    <ClCompile Include="Source\sample_game.cpp">
      <Filter>Source</Filter>
    </ClCompile>
    <ClCompile Include="Source\sample_main.cpp">
      <Filter>Source</Filter>
    </ClCompile>
    <ClCompile Include="Source\sample_math.cpp">
      <Filter>Source</Filter>
    </ClCompile>
    <ClCompile Include="Source\wsi.cpp">
      <Filter>Helpers</Filter>
    </ClCompile>
    <ClCompile Include="Source\wsi_utils.cpp">
      <Filter>Helpers</Filter>
    </ClCompile>
    <ClCompile Include="Source\DX12Helpers.cpp">
      <Filter>Helpers</Filter>
    </ClCompile>
    <ClCompile Include="Source\WindowsHelpers.cpp">
      <Filter>Helpers</Filter>
    </ClCompile>
  </ItemGroup>
  <ItemGroup>
    <ClInclude Include="Source\EventViz.hpp">
      <Filter>Source</Filter>
    </ClInclude>
    <ClInclude Include="Source\timeline_multimap.hpp">
      <Filter>Source</Filter>
    </ClInclude>
    <ClInclude Include="Source\sample_cube.hpp">
      <Filter>Source</Filter>
    </ClInclude>
    <ClInclude Include="Source\sample_dx12.hpp">
      <Filter>Source</Filter>
    </ClInclude>
    <ClInclude Include="Source\sample_game.hpp">
      <Filter>Source</Filter>
    </ClInclude>
    <ClInclude Include="Source\sample_math.hpp">
      <Filter>Source</Filter>
    </ClInclude>
    <ClInclude Include="Source\wsi.hpp">
      <Filter>Helpers</Filter>
    </ClInclude>
    <ClInclude Include="Source\wsi_utils.hpp">
      <Filter>Helpers</Filter>
    </ClInclude>
    <ClInclude Include="Source\d3dx12.h">
      <Filter>Helpers</Filter>
    </ClInclude>
    <ClInclude Include="Source\DX12Helpers.hpp">
      <Filter>Helpers</Filter>
    </ClInclude>
    <ClInclude Include="Source\WindowsHelpers.hpp">
      <Filter>Helpers</Filter>
    </ClInclude>
    <ClInclude Include="Source\PresentQueueStats.hpp">
      <Filter>Source</Filter>
    </ClInclude>
  </ItemGroup>
  <ItemGroup>
    <Filter Include="Shaders">
      <UniqueIdentifier>{d4b9a023-4208-435c-9013-45bc90cf9289}</UniqueIdentifier>
    </Filter>
    <Filter Include="Helpers">
      <UniqueIdentifier>{2faa99ad-c882-482d-b216-2efa61450d86}</UniqueIdentifier>
    </Filter>
    <Filter Include="Source">
      <UniqueIdentifier>{81ba097c-1074-4231-85ee-c8e2a326482f}</UniqueIdentifier>
    </Filter>
  </ItemGroup>
  <ItemGroup>
    <FxCompile Include="Source\pixel_shader.hlsl">
      <Filter>Shaders</Filter>
    </FxCompile>
    <FxCompile Include="Source\vertex_shader.hlsl">
      <Filter>Shaders</Filter>
    </FxCompile>
  </ItemGroup>
</Project>